{
  "version": "2",
  "remote": {
    "https://deno.land/std@0.182.0/encoding/base64.ts": "144ae6234c1fbe5b68666c711dc15b1e9ee2aef6d42b3b4345bf9a6c91d70d0d",
    "https://deno.land/std@0.182.0/fmt/colors.ts": "d67e3cd9f472535241a8e410d33423980bec45047e343577554d3356e1f0ef4e",
    "https://deno.land/std@0.182.0/testing/_diff.ts": "1a3c044aedf77647d6cac86b798c6417603361b66b54c53331b312caeb447aea",
    "https://deno.land/std@0.182.0/testing/_format.ts": "a69126e8a469009adf4cf2a50af889aca364c349797e63174884a52ff75cf4c7",
    "https://deno.land/std@0.182.0/testing/_test_suite.ts": "30f018feeb3835f12ab198d8a518f9089b1bcb2e8c838a8b615ab10d5005465c",
    "https://deno.land/std@0.182.0/testing/asserts.ts": "e16d98b4d73ffc4ed498d717307a12500ae4f2cbe668f1a215632d19fcffc22f",
    "https://deno.land/std@0.182.0/testing/bdd.ts": "c5ca6d85940dbcc19b4d2bc3608d49ab65d81470aa91306d5efa4b0d5c945731",
    "https://deno.land/x/http_middleware@1.0.0/mod.ts": "a3b0809ce37f80568c362003a5b281564882b64dba53e12bf5a8f1e2b6bfc19e",
    "https://deno.land/x/http_middleware@1.0.0/types.ts": "9a40ebea7f906d7518f5765c7a633f5610ac4ebedb583b0c69395643c350f4d3",
    "https://deno.land/x/http_utils@1.0.0/_utils.ts": "f253eab4365b399affc617a5230d6f8a10c69da0bee793c08d7d66902cad0a22",
    "https://deno.land/x/http_utils@1.0.0/deps.ts": "77dc91cb7318000b799e5eadd2dbece27d05f1ec410bd285d3c50956795106ad",
    "https://deno.land/x/http_utils@1.0.0/header.ts": "28b18228607d9cbd4d639c5e4b9a989287b24a5dd0c928be73e89e7522b6cc0f",
    "https://deno.land/x/http_utils@1.0.0/message.ts": "87ee02ce5945875bd0aff4f5d66c6c9020f82d53c69874a34d8021222468c90c",
    "https://deno.land/x/http_utils@1.0.0/response.ts": "2c1d1492170ba8ad165149c53127ea5b907b68d3ab2ee1358bf21c1dccff5d06",
    "https://deno.land/x/isx@1.1.1/is_null.ts": "02b30255073843d001e715a04382f1d6aebd77ed5506ffbb44bf77b9e20ebf7d",
    "https://deno.land/x/isx@1.1.1/is_string.ts": "268254eab5f8dbc09ee879eb53675813cdc5350207dde436d457cb34462cc857",
    "https://deno.land/x/isx@1.2.0/is_array.ts": "3f80dd8908c8ca0956b700c5c41b09e93814d12cc6d3a8e5d7b66c1981ce03a3",
    "https://deno.land/x/isx@1.2.0/is_number.ts": "27899cf8c67f304a2d0b635c0787d5197d7a5315525e7b98176b389139b5695a",
    "https://deno.land/x/isx@1.2.0/number/is_non_negative_integer.ts": "ce7b63f40d22bd5575f008f370493e1ce4e5305f59144fb6362a459a2b13ccf1",
    "https://deno.land/x/jfv_parser@1.0.0/constants.ts": "9bc77979d2ad5ad8953ca3a3b8a8e08e997fc9340934e2842c0127817b91153a",
    "https://deno.land/x/jfv_parser@1.0.0/deps.ts": "07d95a4ceabca198c858083db15d4c2943b6da7351d3b1cbd77c9121d9ecebda",
    "https://deno.land/x/jfv_parser@1.0.0/mod.ts": "e8b5607095722ba14121073ce16ef1ba93f95548624d9d3173d652c733611ef0",
    "https://deno.land/x/jfv_parser@1.0.0/parse.ts": "b1750e2e259d0fbf3723137097a735a2c720b7e339ca5611aa3e478a21459a3c",
    "https://deno.land/x/jfv_parser@1.0.0/stringify.ts": "8b8afdb275bfbf5a7edb183a2d2143efe2a2440f04ec76b5899bf83842228c17",
    "https://deno.land/x/jfv_parser@1.0.0/types.ts": "d1a06a9bf264631a518529c77f3cb50e77d0aef7d155d8dba5e19e8bc4c43e19",
    "https://deno.land/x/prelude_js@1.2.0/deps.ts": "4f59609c3bd00576fdbf618df45e433b4f6e862c2c905a442d9564be20fae322",
    "https://deno.land/x/prelude_js@1.2.0/last.ts": "19f2a2f6021b1e09cbfbc11730cc0243fb3d63c65bf060f9c02d4cd893b5bed2",
    "https://deno.land/x/sfv_parser@1.0.1/abnf.ts": "880bc8513454f01bcfd1dca1afbaa9ccd782846a78d0ca9e70e59d50a38fa260",
    "https://deno.land/x/sfv_parser@1.0.1/constants.ts": "b2011b2c2516c0193abce915f8edb4d133a9c56a6ad31985caa6e00a34e7e192",
    "https://deno.land/x/sfv_parser@1.0.1/deps.ts": "6323a9bac97636c5bbd9e3ba80f962a7179caec2a5f086731ae66ac0a03fc264",
    "https://deno.land/x/sfv_parser@1.0.1/mod.ts": "14cbd7c1d7a553a989138c99065e5b65dd46c209246b02c3d6dd039096763ff9",
    "https://deno.land/x/sfv_parser@1.0.1/parse.ts": "8a1c0a7a555fcf4e7d0795be1886f84ed75e9b35f0cc527709e1334a0f94afa5",
    "https://deno.land/x/sfv_parser@1.0.1/stringify.ts": "7a74cc26934b222bc1d0ddb3fb1dc6adaaef70ebad660df740c140b497789cc3",
    "https://deno.land/x/sfv_parser@1.0.1/types.ts": "42d10ebe5610e57742e4fa1fd1f8ae86346937dbf4d722073d34fc094c2754e9",
    "https://deno.land/x/sfv_parser@1.0.1/utils.ts": "a4e4da5a81e9bc2115e5970913604cd783d4c9e5a23163a17296152748380fec",
    "https://esm.sh/ascii-json@0.2.0?pin=v114": "8f72906f7259d85cffebebba5e23ac752080f8f1e41359108a2b31f13a73dfec",
    "https://esm.sh/round-half-even@1.3.0?pin=v114": "bce59066abcdf85641ab5c7eef056dea3e2bc576b493ace793b2537facaba554",
    "https://esm.sh/v114/ascii-json@0.2.0/deno/ascii-json.mjs": "7f6ca5d251c756f2d1f5c446db5a22026a8a7e5159706b3dccb0c7608c6a56f2",
    "https://esm.sh/v114/round-half-even@1.3.0/deno/round-half-even.mjs": "310a2342bd2d1f13b68d23766fbac29023f33a2d7d5b20c0ea5c78b716c37763"
  }
}
